// !$*UTF8*$!
{
	archiveVersion = 1;
	classes = {
	};
	objectVersion = 46;
	objects = {

/* Begin PBXBuildFile section */
		27642A7319FF27E2003D99DD /* main.m in Sources */ = {isa = PBXBuildFile; fileRef = 27642A7219FF27E2003D99DD /* main.m */; };
		27642A7B19FF290E003D99DD /* Person.m in Sources */ = {isa = PBXBuildFile; fileRef = 27642A7A19FF290E003D99DD /* Person.m */; };
/* End PBXBuildFile section */

/* Begin PBXCopyFilesBuildPhase section */
		27642A6D19FF27E2003D99DD /* CopyFiles */ = {
			isa = PBXCopyFilesBuildPhase;
			buildActionMask = 2147483647;
			dstPath = /usr/share/man/man1/;
			dstSubfolderSpec = 0;
			files = (
			);
			runOnlyForDeploymentPostprocessing = 1;
		};
/* End PBXCopyFilesBuildPhase section */

/* Begin PBXFileReference section */
		27642A6F19FF27E2003D99DD /* Demo1-ClassAndObjec */ = {isa = PBXFileReference; explicitFileType = "compiled.mach-o.executable"; includeInIndex = 0; path = "Demo1-ClassAndObjec"; sourceTree = BUILT_PRODUCTS_DIR; };
		27642A7219FF27E2003D99DD /* main.m */ = {isa = PBXFileReference; lastKnownFileType = sourcecode.c.objc; path = main.m; sourceTree = "<group>"; };
		27642A7919FF28E0003D99DD /* Person.h */ = {isa = PBXFileReference; lastKnownFileType = sourcecode.c.h; path = Person.h; sourceTree = "<group>"; };
		27642A7A19FF290E003D99DD /* Person.m */ = {isa = PBXFileReference; fileEncoding = 4; lastKnownFileType = sourcecode.c.objc; path = Person.m; sourceTree = "<group>"; };
/* End PBXFileReference section */

/* Begin PBXFrameworksBuildPhase section */
		27642A6C19FF27E2003D99DD /* Frameworks */ = {
			isa = PBXFrameworksBuildPhase;
			buildActionMask = 2147483647;
			files = (
			);
			runOnlyForDeploymentPostprocessing = 0;
		};
/* End PBXFrameworksBuildPhase section */

/* Begin PBXGroup section */
		27642A6619FF27E2003D99DD = {
			isa = PBXGroup;
			children = (
				27642A7A19FF290E003D99DD /* Person.m */,
				27642A7919FF28E0003D99DD /* Person.h */,
				27642A7119FF27E2003D99DD /* Demo1-ClassAndObjec */,
				27642A7019FF27E2003D99DD /* Products */,
			);
			sourceTree = "<group>";
		};
		27642A7019FF27E2003D99DD /* Products */ = {
			isa = PBXGroup;
			children = (
				27642A6F19FF27E2003D99DD /* Demo1-ClassAndObjec */,
			);
			name = Products;
			sourceTree = "<group>";
		};
		27642A7119FF27E2003D99DD /* Demo1-ClassAndObjec */ = {
			isa = PBXGroup;
			children = (
				27642A7219FF27E2003D99DD /* main.m */,
			);
			path = "Demo1-ClassAndObjec";
			sourceTree = "<group>";
		};
/* End PBXGroup section */

/* Begin PBXNativeTarget section */
		27642A6E19FF27E2003D99DD /* Demo1-ClassAndObjec */ = {
			isa = PBXNativeTarget;
			buildConfigurationList = 27642A7619FF27E2003D99DD /* Build configuration list for PBXNativeTarget "Demo1-ClassAndObjec" */;
			buildPhases = (
				27642A6B19FF27E2003D99DD /* Sources */,
				27642A6C19FF27E2003D99DD /* Frameworks */,
				27642A6D19FF27E2003D99DD /* CopyFiles */,
			);
			buildRules = (
			);
			dependencies = (
			);
			name = "Demo1-ClassAndObjec";
			productName = "Demo1-ClassAndObjec";
			productReference = 27642A6F19FF27E2003D99DD /* Demo1-ClassAndObjec */;
			productType = "com.apple.product-type.tool";
		};
/* End PBXNativeTarget section */

/* Begin PBXProject section */
		27642A6719FF27E2003D99DD /* Project object */ = {
			isa = PBXProject;
			attributes = {
				LastUpgradeCheck = 0610;
				ORGANIZATIONNAME = "King Luo";
				TargetAttributes = {
					27642A6E19FF27E2003D99DD = {
						CreatedOnToolsVersion = 6.1;
					};
				};
			};
			buildConfigurationList = 27642A6A19FF27E2003D99DD /* Build configuration list for PBXProject "Demo1-ClassAndObjec" */;
			compatibilityVersion = "Xcode 3.2";
			developmentRegion = English;
			hasScannedForEncodings = 0;
			knownRegions = (
				en,
			);
			mainGroup = 27642A6619FF27E2003D99DD;
			productRefGroup = 27642A7019FF27E2003D99DD /* Products */;
			projectDirPath = "";
			projectRoot = "";
			targets = (
				27642A6E19FF27E2003D99DD /* Demo1-ClassAndObjec */,
			);
		};
/* End PBXProject section */

/* Begin PBXSourcesBuildPhase section */
		27642A6B19FF27E2003D99DD /* Sources */ = {
			isa = PBXSourcesBuildPhase;
			buildActionMask = 2147483647;
			files = (
				27642A7B19FF290E003D99DD /* Person.m in Sources */,
				27642A7319FF27E2003D99DD /* main.m in Sources */,
			);
			runOnlyForDeploymentPostprocessing = 0;
		};
/* End PBXSourcesBuildPhase section */

/* Begin XCBuildConfiguration section */
		27642A7419FF27E2003D99DD /* Debug */ = {
			isa = XCBuildConfiguration;
			buildSettings = {
				ALWAYS_SEARCH_USER_PATHS = NO;
				CLANG_CXX_LANGUAGE_STANDARD = "gnu++0x";
				CLANG_CXX_LIBRARY = "libc++";
				CLANG_ENABLE_MODULES = YES;
				CLANG_ENABLE_OBJC_ARC = YES;
				CLANG_WARN_BOOL_CONVERSION = YES;
				CLANG_WARN_CONSTANT_CONVERSION = YES;
				CLANG_WARN_DIRECT_OBJC_ISA_USAGE = YES_ERROR;
				CLANG_WARN_EMPTY_BODY = YES;
				CLANG_WARN_ENUM_CONVERSION = YES;
				CLANG_WARN_INT_CONVERSION = YES;
				CLANG_WARN_OBJC_ROOT_CLASS = YES_ERROR;
				CLANG_WARN_UNREACHABLE_CODE = YES;
				CLANG_WARN__DUPLICATE_METHOD_MATCH = YES;
				COPY_PHASE_STRIP = NO;
				ENABLE_STRICT_OBJC_MSGSEND = YES;
				GCC_C_LANGUAGE_STANDARD = gnu99;
				GCC_DYNAMIC_NO_PIC = NO;
				GCC_OPTIMIZATION_LEVEL = 0;
				GCC_PREPROCESSOR_DEFINITIONS = (
					"DEBUG=1",
					"$(inherited)",
				);
				GCC_SYMBOLS_PRIVATE_EXTERN = NO;
				GCC_WARN_64_TO_32_BIT_CONVERSION = YES;
				GCC_WARN_ABOUT_RETURN_TYPE = YES_ERROR;
				GCC_WARN_UNDECLARED_SELECTOR = YES;
				GCC_WARN_UNINITIALIZED_AUTOS = YES_AGGRESSIVE;
				GCC_WARN_UNUSED_FUNCTION = YES;
				GCC_WARN_UNUSED_VARIABLE = YES;
				MACOSX_DEPLOYMENT_TARGET = 10.10;
				MTL_ENABLE_DEBUG_INFO = YES;
				ONLY_ACTIVE_ARCH = YES;
				SDKROOT = macosx;
			};
			name = Debug;
		};
		27642A7519FF27E2003D99DD /* Release */ = {
			isa = XCBuildConfiguration;
			buildSettings = {
				ALWAYS_SEARCH_USER_PATHS = NO;
				CLANG_CXX_LANGUAGE_STANDARD = "gnu++0x";
				CLANG_CXX_LIBRARY = "libc++";
				CLANG_ENABLE_MODULES = YES;
				CLANG_ENABLE_OBJC_ARC = YES;
				CLANG_WARN_BOOL_CONVERSION = YES;
				CLANG_WARN_CONSTANT_CONVERSION = YES;
				CLANG_WARN_DIRECT_OBJC_ISA_USAGE = YES_ERROR;
				CLANG_WARN_EMPTY_BODY = YES;
				CLANG_WARN_ENUM_CONVERSION = YES;
				CLANG_WARN_INT_CONVERSION = YES;
				CLANG_WARN_OBJC_ROOT_CLASS = YES_ERROR;
				CLANG_WARN_UNREACHABLE_CODE = YES;
				CLANG_WARN__DUPLICATE_METHOD_MATCH = YES;
				COPY_PHASE_STRIP = YES;
				DEBUG_INFORMATION_FORMAT = "dwarf-with-dsym";
				ENABLE_NS_ASSERTIONS = NO;
				ENABLE_STRICT_OBJC_MSGSEND = YES;
				GCC_C_LANGUAGE_STANDARD = gnu99;
				GCC_WARN_64_TO_32_BIT_CONVERSION = YES;
				GCC_WARN_ABOUT_RETURN_TYPE = YES_ERROR;
				GCC_WARN_UNDECLARED_SELECTOR = YES;
				GCC_WARN_UNINITIALIZED_AUTOS = YES_AGGRESSIVE;
				GCC_WARN_UNUSED_FUNCTION = YES;
				GCC_WARN_UNUSED_VARIABLE = YES;
				MACOSX_DEPLOYMENT_TARGET = 10.10;
				MTL_ENABLE_DEBUG_INFO = NO;
				SDKROOT = macosx;
			};
			name = Release;
		};
		27642A7719FF27E2003D99DD /* Debug */ = {
			isa = XCBuildConfiguration;
			buildSettings = {
				PRODUCT_NAME = "$(TARGET_NAME)";
			};
			name = Debug;
		};
		27642A7819FF27E2003D99DD /* Release */ = {
			isa = XCBuildConfiguration;
			buildSettings = {
				PRODUCT_NAME = "$(TARGET_NAME)";
			};
			name = Release;
		};
/* End XCBuildConfiguration section */

/* Begin XCConfigurationList section */
		27642A6A19FF27E2003D99DD /* Build configuration list for PBXProject "Demo1-ClassAndObjec" */ = {
			isa = XCConfigurationList;
			buildConfigurations = (
				27642A7419FF27E2003D99DD /* Debug */,
				27642A7519FF27E2003D99DD /* Release */,
			);
			defaultConfigurationIsVisible = 0;
			defaultConfigurationName = Release;
		};
		27642A7619FF27E2003D99DD /* Build configuration list for PBXNativeTarget "Demo1-ClassAndObjec" */ = {
			isa = XCConfigurationList;
			buildConfigurations = (
				27642A7719FF27E2003D99DD /* Debug */,
				27642A7819FF27E2003D99DD /* Release */,
			);
			defaultConfigurationIsVisible = 0;
		};
/* End XCConfigurationList section */
	};
	rootObject = 27642A6719FF27E2003D99DD /* Project object */;
}
