// !$*UTF8*$!
{
	archiveVersion = 1;
	classes = {
	};
	objectVersion = 46;
	objects = {

/* Begin PBXBuildFile section */
		275BB10E1A20381700B008CB /* AppDelegate.swift in Sources */ = {isa = PBXBuildFile; fileRef = 275BB10D1A20381700B008CB /* AppDelegate.swift */; };
		275BB1101A20381700B008CB /* ViewController.swift in Sources */ = {isa = PBXBuildFile; fileRef = 275BB10F1A20381700B008CB /* ViewController.swift */; };
		275BB1131A20381700B008CB /* Main.storyboard in Resources */ = {isa = PBXBuildFile; fileRef = 275BB1111A20381700B008CB /* Main.storyboard */; };
		275BB1151A20381700B008CB /* Images.xcassets in Resources */ = {isa = PBXBuildFile; fileRef = 275BB1141A20381700B008CB /* Images.xcassets */; };
		275BB1181A20381700B008CB /* LaunchScreen.xib in Resources */ = {isa = PBXBuildFile; fileRef = 275BB1161A20381700B008CB /* LaunchScreen.xib */; };
		275BB1241A20381700B008CB /* ChineseZodiacTests.swift in Sources */ = {isa = PBXBuildFile; fileRef = 275BB1231A20381700B008CB /* ChineseZodiacTests.swift */; };
/* End PBXBuildFile section */

/* Begin PBXContainerItemProxy section */
		275BB11E1A20381700B008CB /* PBXContainerItemProxy */ = {
			isa = PBXContainerItemProxy;
			containerPortal = 275BB1001A20381700B008CB /* Project object */;
			proxyType = 1;
			remoteGlobalIDString = 275BB1071A20381700B008CB;
			remoteInfo = ChineseZodiac;
		};
/* End PBXContainerItemProxy section */

/* Begin PBXFileReference section */
		275BB1081A20381700B008CB /* ChineseZodiac.app */ = {isa = PBXFileReference; explicitFileType = wrapper.application; includeInIndex = 0; path = ChineseZodiac.app; sourceTree = BUILT_PRODUCTS_DIR; };
		275BB10C1A20381700B008CB /* Info.plist */ = {isa = PBXFileReference; lastKnownFileType = text.plist.xml; path = Info.plist; sourceTree = "<group>"; };
		275BB10D1A20381700B008CB /* AppDelegate.swift */ = {isa = PBXFileReference; lastKnownFileType = sourcecode.swift; path = AppDelegate.swift; sourceTree = "<group>"; };
		275BB10F1A20381700B008CB /* ViewController.swift */ = {isa = PBXFileReference; lastKnownFileType = sourcecode.swift; path = ViewController.swift; sourceTree = "<group>"; };
		275BB1121A20381700B008CB /* Base */ = {isa = PBXFileReference; lastKnownFileType = file.storyboard; name = Base; path = Base.lproj/Main.storyboard; sourceTree = "<group>"; };
		275BB1141A20381700B008CB /* Images.xcassets */ = {isa = PBXFileReference; lastKnownFileType = folder.assetcatalog; path = Images.xcassets; sourceTree = "<group>"; };
		275BB1171A20381700B008CB /* Base */ = {isa = PBXFileReference; lastKnownFileType = file.xib; name = Base; path = Base.lproj/LaunchScreen.xib; sourceTree = "<group>"; };
		275BB11D1A20381700B008CB /* ChineseZodiacTests.xctest */ = {isa = PBXFileReference; explicitFileType = wrapper.cfbundle; includeInIndex = 0; path = ChineseZodiacTests.xctest; sourceTree = BUILT_PRODUCTS_DIR; };
		275BB1221A20381700B008CB /* Info.plist */ = {isa = PBXFileReference; lastKnownFileType = text.plist.xml; path = Info.plist; sourceTree = "<group>"; };
		275BB1231A20381700B008CB /* ChineseZodiacTests.swift */ = {isa = PBXFileReference; lastKnownFileType = sourcecode.swift; path = ChineseZodiacTests.swift; sourceTree = "<group>"; };
		275BB12D1A21A84000B008CB /* MyPlayground.playground */ = {isa = PBXFileReference; lastKnownFileType = file.playground; path = MyPlayground.playground; sourceTree = "<group>"; };
/* End PBXFileReference section */

/* Begin PBXFrameworksBuildPhase section */
		275BB1051A20381700B008CB /* Frameworks */ = {
			isa = PBXFrameworksBuildPhase;
			buildActionMask = 2147483647;
			files = (
			);
			runOnlyForDeploymentPostprocessing = 0;
		};
		275BB11A1A20381700B008CB /* Frameworks */ = {
			isa = PBXFrameworksBuildPhase;
			buildActionMask = 2147483647;
			files = (
			);
			runOnlyForDeploymentPostprocessing = 0;
		};
/* End PBXFrameworksBuildPhase section */

/* Begin PBXGroup section */
		275BB0FF1A20381700B008CB = {
			isa = PBXGroup;
			children = (
				275BB10A1A20381700B008CB /* ChineseZodiac */,
				275BB1201A20381700B008CB /* ChineseZodiacTests */,
				275BB1091A20381700B008CB /* Products */,
			);
			sourceTree = "<group>";
		};
		275BB1091A20381700B008CB /* Products */ = {
			isa = PBXGroup;
			children = (
				275BB1081A20381700B008CB /* ChineseZodiac.app */,
				275BB11D1A20381700B008CB /* ChineseZodiacTests.xctest */,
			);
			name = Products;
			sourceTree = "<group>";
		};
		275BB10A1A20381700B008CB /* ChineseZodiac */ = {
			isa = PBXGroup;
			children = (
				275BB10D1A20381700B008CB /* AppDelegate.swift */,
				275BB10F1A20381700B008CB /* ViewController.swift */,
				275BB1111A20381700B008CB /* Main.storyboard */,
				275BB1141A20381700B008CB /* Images.xcassets */,
				275BB1161A20381700B008CB /* LaunchScreen.xib */,
				275BB10B1A20381700B008CB /* Supporting Files */,
				275BB12D1A21A84000B008CB /* MyPlayground.playground */,
			);
			path = ChineseZodiac;
			sourceTree = "<group>";
		};
		275BB10B1A20381700B008CB /* Supporting Files */ = {
			isa = PBXGroup;
			children = (
				275BB10C1A20381700B008CB /* Info.plist */,
			);
			name = "Supporting Files";
			sourceTree = "<group>";
		};
		275BB1201A20381700B008CB /* ChineseZodiacTests */ = {
			isa = PBXGroup;
			children = (
				275BB1231A20381700B008CB /* ChineseZodiacTests.swift */,
				275BB1211A20381700B008CB /* Supporting Files */,
			);
			path = ChineseZodiacTests;
			sourceTree = "<group>";
		};
		275BB1211A20381700B008CB /* Supporting Files */ = {
			isa = PBXGroup;
			children = (
				275BB1221A20381700B008CB /* Info.plist */,
			);
			name = "Supporting Files";
			sourceTree = "<group>";
		};
/* End PBXGroup section */

/* Begin PBXNativeTarget section */
		275BB1071A20381700B008CB /* ChineseZodiac */ = {
			isa = PBXNativeTarget;
			buildConfigurationList = 275BB1271A20381700B008CB /* Build configuration list for PBXNativeTarget "ChineseZodiac" */;
			buildPhases = (
				275BB1041A20381700B008CB /* Sources */,
				275BB1051A20381700B008CB /* Frameworks */,
				275BB1061A20381700B008CB /* Resources */,
			);
			buildRules = (
			);
			dependencies = (
			);
			name = ChineseZodiac;
			productName = ChineseZodiac;
			productReference = 275BB1081A20381700B008CB /* ChineseZodiac.app */;
			productType = "com.apple.product-type.application";
		};
		275BB11C1A20381700B008CB /* ChineseZodiacTests */ = {
			isa = PBXNativeTarget;
			buildConfigurationList = 275BB12A1A20381700B008CB /* Build configuration list for PBXNativeTarget "ChineseZodiacTests" */;
			buildPhases = (
				275BB1191A20381700B008CB /* Sources */,
				275BB11A1A20381700B008CB /* Frameworks */,
				275BB11B1A20381700B008CB /* Resources */,
			);
			buildRules = (
			);
			dependencies = (
				275BB11F1A20381700B008CB /* PBXTargetDependency */,
			);
			name = ChineseZodiacTests;
			productName = ChineseZodiacTests;
			productReference = 275BB11D1A20381700B008CB /* ChineseZodiacTests.xctest */;
			productType = "com.apple.product-type.bundle.unit-test";
		};
/* End PBXNativeTarget section */

/* Begin PBXProject section */
		275BB1001A20381700B008CB /* Project object */ = {
			isa = PBXProject;
			attributes = {
				LastUpgradeCheck = 0610;
				ORGANIZATIONNAME = "King Luo";
				TargetAttributes = {
					275BB1071A20381700B008CB = {
						CreatedOnToolsVersion = 6.1;
					};
					275BB11C1A20381700B008CB = {
						CreatedOnToolsVersion = 6.1;
						TestTargetID = 275BB1071A20381700B008CB;
					};
				};
			};
			buildConfigurationList = 275BB1031A20381700B008CB /* Build configuration list for PBXProject "ChineseZodiac" */;
			compatibilityVersion = "Xcode 3.2";
			developmentRegion = English;
			hasScannedForEncodings = 0;
			knownRegions = (
				en,
				Base,
			);
			mainGroup = 275BB0FF1A20381700B008CB;
			productRefGroup = 275BB1091A20381700B008CB /* Products */;
			projectDirPath = "";
			projectRoot = "";
			targets = (
				275BB1071A20381700B008CB /* ChineseZodiac */,
				275BB11C1A20381700B008CB /* ChineseZodiacTests */,
			);
		};
/* End PBXProject section */

/* Begin PBXResourcesBuildPhase section */
		275BB1061A20381700B008CB /* Resources */ = {
			isa = PBXResourcesBuildPhase;
			buildActionMask = 2147483647;
			files = (
				275BB1131A20381700B008CB /* Main.storyboard in Resources */,
				275BB1181A20381700B008CB /* LaunchScreen.xib in Resources */,
				275BB1151A20381700B008CB /* Images.xcassets in Resources */,
			);
			runOnlyForDeploymentPostprocessing = 0;
		};
		275BB11B1A20381700B008CB /* Resources */ = {
			isa = PBXResourcesBuildPhase;
			buildActionMask = 2147483647;
			files = (
			);
			runOnlyForDeploymentPostprocessing = 0;
		};
/* End PBXResourcesBuildPhase section */

/* Begin PBXSourcesBuildPhase section */
		275BB1041A20381700B008CB /* Sources */ = {
			isa = PBXSourcesBuildPhase;
			buildActionMask = 2147483647;
			files = (
				275BB1101A20381700B008CB /* ViewController.swift in Sources */,
				275BB10E1A20381700B008CB /* AppDelegate.swift in Sources */,
			);
			runOnlyForDeploymentPostprocessing = 0;
		};
		275BB1191A20381700B008CB /* Sources */ = {
			isa = PBXSourcesBuildPhase;
			buildActionMask = 2147483647;
			files = (
				275BB1241A20381700B008CB /* ChineseZodiacTests.swift in Sources */,
			);
			runOnlyForDeploymentPostprocessing = 0;
		};
/* End PBXSourcesBuildPhase section */

/* Begin PBXTargetDependency section */
		275BB11F1A20381700B008CB /* PBXTargetDependency */ = {
			isa = PBXTargetDependency;
			target = 275BB1071A20381700B008CB /* ChineseZodiac */;
			targetProxy = 275BB11E1A20381700B008CB /* PBXContainerItemProxy */;
		};
/* End PBXTargetDependency section */

/* Begin PBXVariantGroup section */
		275BB1111A20381700B008CB /* Main.storyboard */ = {
			isa = PBXVariantGroup;
			children = (
				275BB1121A20381700B008CB /* Base */,
			);
			name = Main.storyboard;
			sourceTree = "<group>";
		};
		275BB1161A20381700B008CB /* LaunchScreen.xib */ = {
			isa = PBXVariantGroup;
			children = (
				275BB1171A20381700B008CB /* Base */,
			);
			name = LaunchScreen.xib;
			sourceTree = "<group>";
		};
/* End PBXVariantGroup section */

/* Begin XCBuildConfiguration section */
		275BB1251A20381700B008CB /* Debug */ = {
			isa = XCBuildConfiguration;
			buildSettings = {
				ALWAYS_SEARCH_USER_PATHS = NO;
				CLANG_CXX_LANGUAGE_STANDARD = "gnu++0x";
				CLANG_CXX_LIBRARY = "libc++";
				CLANG_ENABLE_MODULES = YES;
				CLANG_ENABLE_OBJC_ARC = YES;
				CLANG_WARN_BOOL_CONVERSION = YES;
				CLANG_WARN_CONSTANT_CONVERSION = YES;
				CLANG_WARN_DIRECT_OBJC_ISA_USAGE = YES_ERROR;
				CLANG_WARN_EMPTY_BODY = YES;
				CLANG_WARN_ENUM_CONVERSION = YES;
				CLANG_WARN_INT_CONVERSION = YES;
				CLANG_WARN_OBJC_ROOT_CLASS = YES_ERROR;
				CLANG_WARN_UNREACHABLE_CODE = YES;
				CLANG_WARN__DUPLICATE_METHOD_MATCH = YES;
				"CODE_SIGN_IDENTITY[sdk=iphoneos*]" = "iPhone Developer";
				COPY_PHASE_STRIP = NO;
				ENABLE_STRICT_OBJC_MSGSEND = YES;
				GCC_C_LANGUAGE_STANDARD = gnu99;
				GCC_DYNAMIC_NO_PIC = NO;
				GCC_OPTIMIZATION_LEVEL = 0;
				GCC_PREPROCESSOR_DEFINITIONS = (
					"DEBUG=1",
					"$(inherited)",
				);
				GCC_SYMBOLS_PRIVATE_EXTERN = NO;
				GCC_WARN_64_TO_32_BIT_CONVERSION = YES;
				GCC_WARN_ABOUT_RETURN_TYPE = YES_ERROR;
				GCC_WARN_UNDECLARED_SELECTOR = YES;
				GCC_WARN_UNINITIALIZED_AUTOS = YES_AGGRESSIVE;
				GCC_WARN_UNUSED_FUNCTION = YES;
				GCC_WARN_UNUSED_VARIABLE = YES;
				IPHONEOS_DEPLOYMENT_TARGET = 8.1;
				MTL_ENABLE_DEBUG_INFO = YES;
				ONLY_ACTIVE_ARCH = YES;
				SDKROOT = iphoneos;
				SWIFT_OPTIMIZATION_LEVEL = "-Onone";
			};
			name = Debug;
		};
		275BB1261A20381700B008CB /* Release */ = {
			isa = XCBuildConfiguration;
			buildSettings = {
				ALWAYS_SEARCH_USER_PATHS = NO;
				CLANG_CXX_LANGUAGE_STANDARD = "gnu++0x";
				CLANG_CXX_LIBRARY = "libc++";
				CLANG_ENABLE_MODULES = YES;
				CLANG_ENABLE_OBJC_ARC = YES;
				CLANG_WARN_BOOL_CONVERSION = YES;
				CLANG_WARN_CONSTANT_CONVERSION = YES;
				CLANG_WARN_DIRECT_OBJC_ISA_USAGE = YES_ERROR;
				CLANG_WARN_EMPTY_BODY = YES;
				CLANG_WARN_ENUM_CONVERSION = YES;
				CLANG_WARN_INT_CONVERSION = YES;
				CLANG_WARN_OBJC_ROOT_CLASS = YES_ERROR;
				CLANG_WARN_UNREACHABLE_CODE = YES;
				CLANG_WARN__DUPLICATE_METHOD_MATCH = YES;
				"CODE_SIGN_IDENTITY[sdk=iphoneos*]" = "iPhone Developer";
				COPY_PHASE_STRIP = YES;
				ENABLE_NS_ASSERTIONS = NO;
				ENABLE_STRICT_OBJC_MSGSEND = YES;
				GCC_C_LANGUAGE_STANDARD = gnu99;
				GCC_WARN_64_TO_32_BIT_CONVERSION = YES;
				GCC_WARN_ABOUT_RETURN_TYPE = YES_ERROR;
				GCC_WARN_UNDECLARED_SELECTOR = YES;
				GCC_WARN_UNINITIALIZED_AUTOS = YES_AGGRESSIVE;
				GCC_WARN_UNUSED_FUNCTION = YES;
				GCC_WARN_UNUSED_VARIABLE = YES;
				IPHONEOS_DEPLOYMENT_TARGET = 8.1;
				MTL_ENABLE_DEBUG_INFO = NO;
				SDKROOT = iphoneos;
				VALIDATE_PRODUCT = YES;
			};
			name = Release;
		};
		275BB1281A20381700B008CB /* Debug */ = {
			isa = XCBuildConfiguration;
			buildSettings = {
				ASSETCATALOG_COMPILER_APPICON_NAME = AppIcon;
				INFOPLIST_FILE = ChineseZodiac/Info.plist;
				LD_RUNPATH_SEARCH_PATHS = "$(inherited) @executable_path/Frameworks";
				PRODUCT_NAME = "$(TARGET_NAME)";
			};
			name = Debug;
		};
		275BB1291A20381700B008CB /* Release */ = {
			isa = XCBuildConfiguration;
			buildSettings = {
				ASSETCATALOG_COMPILER_APPICON_NAME = AppIcon;
				INFOPLIST_FILE = ChineseZodiac/Info.plist;
				LD_RUNPATH_SEARCH_PATHS = "$(inherited) @executable_path/Frameworks";
				PRODUCT_NAME = "$(TARGET_NAME)";
			};
			name = Release;
		};
		275BB12B1A20381700B008CB /* Debug */ = {
			isa = XCBuildConfiguration;
			buildSettings = {
				BUNDLE_LOADER = "$(TEST_HOST)";
				FRAMEWORK_SEARCH_PATHS = (
					"$(SDKROOT)/Developer/Library/Frameworks",
					"$(inherited)",
				);
				GCC_PREPROCESSOR_DEFINITIONS = (
					"DEBUG=1",
					"$(inherited)",
				);
				INFOPLIST_FILE = ChineseZodiacTests/Info.plist;
				LD_RUNPATH_SEARCH_PATHS = "$(inherited) @executable_path/Frameworks @loader_path/Frameworks";
				PRODUCT_NAME = "$(TARGET_NAME)";
				TEST_HOST = "$(BUILT_PRODUCTS_DIR)/ChineseZodiac.app/ChineseZodiac";
			};
			name = Debug;
		};
		275BB12C1A20381700B008CB /* Release */ = {
			isa = XCBuildConfiguration;
			buildSettings = {
				BUNDLE_LOADER = "$(TEST_HOST)";
				FRAMEWORK_SEARCH_PATHS = (
					"$(SDKROOT)/Developer/Library/Frameworks",
					"$(inherited)",
				);
				INFOPLIST_FILE = ChineseZodiacTests/Info.plist;
				LD_RUNPATH_SEARCH_PATHS = "$(inherited) @executable_path/Frameworks @loader_path/Frameworks";
				PRODUCT_NAME = "$(TARGET_NAME)";
				TEST_HOST = "$(BUILT_PRODUCTS_DIR)/ChineseZodiac.app/ChineseZodiac";
			};
			name = Release;
		};
/* End XCBuildConfiguration section */

/* Begin XCConfigurationList section */
		275BB1031A20381700B008CB /* Build configuration list for PBXProject "ChineseZodiac" */ = {
			isa = XCConfigurationList;
			buildConfigurations = (
				275BB1251A20381700B008CB /* Debug */,
				275BB1261A20381700B008CB /* Release */,
			);
			defaultConfigurationIsVisible = 0;
			defaultConfigurationName = Release;
		};
		275BB1271A20381700B008CB /* Build configuration list for PBXNativeTarget "ChineseZodiac" */ = {
			isa = XCConfigurationList;
			buildConfigurations = (
				275BB1281A20381700B008CB /* Debug */,
				275BB1291A20381700B008CB /* Release */,
			);
			defaultConfigurationIsVisible = 0;
			defaultConfigurationName = Release;
		};
		275BB12A1A20381700B008CB /* Build configuration list for PBXNativeTarget "ChineseZodiacTests" */ = {
			isa = XCConfigurationList;
			buildConfigurations = (
				275BB12B1A20381700B008CB /* Debug */,
				275BB12C1A20381700B008CB /* Release */,
			);
			defaultConfigurationIsVisible = 0;
			defaultConfigurationName = Release;
		};
/* End XCConfigurationList section */
	};
	rootObject = 275BB1001A20381700B008CB /* Project object */;
}
